
Microsoft Visual Studio Solution File, Format Version 12.00
# Visual Studio Version 17
VisualStudioVersion = 17.4.33205.214
MinimumVisualStudioVersion = 10.0.40219.1
Project("{2150E333-8FDC-42A3-9474-1A3956D46DE8}") = "Examples", "Examples", "{6689840E-3CA3-4AEF-B258-1D8927FCB8BC}"
EndProject
Project("{9A19103F-16F7-4668-BE54-9A1E7A4F7556}") = "Telegramper", "Telegramper\Telegramper.csproj", "{98309BE0-BC5E-46D4-8A0A-3934EDDE28AB}"
EndProject
Project("{9A19103F-16F7-4668-BE54-9A1E7A4F7556}") = "BotTest", "Examples\BotTest\BotTest.csproj", "{5870ABBD-E422-4DD2-A442-850C422FF046}"
EndProject
Project("{2150E333-8FDC-42A3-9474-1A3956D46DE8}") = "Documentation", "Documentation", "{73207993-3FA7-4067-B997-316F713ACB9E}"
	ProjectSection(SolutionItems) = preProject
		Documentation\UpdateContext.md = Documentation\UpdateContext.md
	EndProjectSection
EndProject
Project("{2150E333-8FDC-42A3-9474-1A3956D46DE8}") = "Tests", "Tests", "{B6D60DCC-178E-4E8F-A173-CEF0873DC393}"
EndProject
Project("{FAE04EC0-301F-11D3-BF4B-00C04F79EFBC}") = "Core", "Tests\Core\Core.csproj", "{BAAE9451-9D28-47D7-B02D-4A1E53FCDB45}"
EndProject
Global
	GlobalSection(SolutionConfigurationPlatforms) = preSolution
		Debug|Any CPU = Debug|Any CPU
		Release|Any CPU = Release|Any CPU
	EndGlobalSection
	GlobalSection(ProjectConfigurationPlatforms) = postSolution
		{98309BE0-BC5E-46D4-8A0A-3934EDDE28AB}.Debug|Any CPU.ActiveCfg = Debug|Any CPU
		{98309BE0-BC5E-46D4-8A0A-3934EDDE28AB}.Debug|Any CPU.Build.0 = Debug|Any CPU
		{98309BE0-BC5E-46D4-8A0A-3934EDDE28AB}.Release|Any CPU.ActiveCfg = Release|Any CPU
		{98309BE0-BC5E-46D4-8A0A-3934EDDE28AB}.Release|Any CPU.Build.0 = Release|Any CPU
		{5870ABBD-E422-4DD2-A442-850C422FF046}.Debug|Any CPU.ActiveCfg = Debug|Any CPU
		{5870ABBD-E422-4DD2-A442-850C422FF046}.Debug|Any CPU.Build.0 = Debug|Any CPU
		{5870ABBD-E422-4DD2-A442-850C422FF046}.Release|Any CPU.ActiveCfg = Release|Any CPU
		{5870ABBD-E422-4DD2-A442-850C422FF046}.Release|Any CPU.Build.0 = Release|Any CPU
		{BAAE9451-9D28-47D7-B02D-4A1E53FCDB45}.Debug|Any CPU.ActiveCfg = Debug|Any CPU
		{BAAE9451-9D28-47D7-B02D-4A1E53FCDB45}.Debug|Any CPU.Build.0 = Debug|Any CPU
		{BAAE9451-9D28-47D7-B02D-4A1E53FCDB45}.Release|Any CPU.ActiveCfg = Release|Any CPU
		{BAAE9451-9D28-47D7-B02D-4A1E53FCDB45}.Release|Any CPU.Build.0 = Release|Any CPU
	EndGlobalSection
	GlobalSection(SolutionProperties) = preSolution
		HideSolutionNode = FALSE
	EndGlobalSection
	GlobalSection(NestedProjects) = preSolution
		{5870ABBD-E422-4DD2-A442-850C422FF046} = {6689840E-3CA3-4AEF-B258-1D8927FCB8BC}
		{BAAE9451-9D28-47D7-B02D-4A1E53FCDB45} = {B6D60DCC-178E-4E8F-A173-CEF0873DC393}
	EndGlobalSection
	GlobalSection(ExtensibilityGlobals) = postSolution
		SolutionGuid = {ECEFAFD6-7560-43B7-BCC0-E2C7EF9244B4}
	EndGlobalSection
EndGlobal
